// !$*UTF8*$!
{
	archiveVersion = 1;
	classes = {
	};
	objectVersion = 48;
	objects = {

/* Begin PBXBuildFile section */
		C586C735206A1E0100E83C95 /* AppDelegate.swift in Sources */ = {isa = PBXBuildFile; fileRef = C586C734206A1E0100E83C95 /* AppDelegate.swift */; };
		C586C737206A1E0100E83C95 /* ViewController.swift in Sources */ = {isa = PBXBuildFile; fileRef = C586C736206A1E0100E83C95 /* ViewController.swift */; };
		C586C73A206A1E0100E83C95 /* Main.storyboard in Resources */ = {isa = PBXBuildFile; fileRef = C586C738206A1E0100E83C95 /* Main.storyboard */; };
		C586C73C206A1E0100E83C95 /* Assets.xcassets in Resources */ = {isa = PBXBuildFile; fileRef = C586C73B206A1E0100E83C95 /* Assets.xcassets */; };
		C586C73F206A1E0100E83C95 /* LaunchScreen.storyboard in Resources */ = {isa = PBXBuildFile; fileRef = C586C73D206A1E0100E83C95 /* LaunchScreen.storyboard */; };
/* End PBXBuildFile section */

/* Begin PBXFileReference section */
		C586C731206A1E0100E83C95 /* How Many Fingers.app */ = {isa = PBXFileReference; explicitFileType = wrapper.application; includeInIndex = 0; path = "How Many Fingers.app"; sourceTree = BUILT_PRODUCTS_DIR; };
		C586C734206A1E0100E83C95 /* AppDelegate.swift */ = {isa = PBXFileReference; lastKnownFileType = sourcecode.swift; path = AppDelegate.swift; sourceTree = "<group>"; };
		C586C736206A1E0100E83C95 /* ViewController.swift */ = {isa = PBXFileReference; lastKnownFileType = sourcecode.swift; path = ViewController.swift; sourceTree = "<group>"; };
		C586C739206A1E0100E83C95 /* Base */ = {isa = PBXFileReference; lastKnownFileType = file.storyboard; name = Base; path = Base.lproj/Main.storyboard; sourceTree = "<group>"; };
		C586C73B206A1E0100E83C95 /* Assets.xcassets */ = {isa = PBXFileReference; lastKnownFileType = folder.assetcatalog; path = Assets.xcassets; sourceTree = "<group>"; };
		C586C73E206A1E0100E83C95 /* Base */ = {isa = PBXFileReference; lastKnownFileType = file.storyboard; name = Base; path = Base.lproj/LaunchScreen.storyboard; sourceTree = "<group>"; };
		C586C740206A1E0100E83C95 /* Info.plist */ = {isa = PBXFileReference; lastKnownFileType = text.plist.xml; path = Info.plist; sourceTree = "<group>"; };
/* End PBXFileReference section */

/* Begin PBXFrameworksBuildPhase section */
		C586C72E206A1E0100E83C95 /* Frameworks */ = {
			isa = PBXFrameworksBuildPhase;
			buildActionMask = 2147483647;
			files = (
			);
			runOnlyForDeploymentPostprocessing = 0;
		};
/* End PBXFrameworksBuildPhase section */

/* Begin PBXGroup section */
		C586C728206A1E0100E83C95 = {
			isa = PBXGroup;
			children = (
				C586C733206A1E0100E83C95 /* How Many Fingers */,
				C586C732206A1E0100E83C95 /* Products */,
			);
			sourceTree = "<group>";
		};
		C586C732206A1E0100E83C95 /* Products */ = {
			isa = PBXGroup;
			children = (
				C586C731206A1E0100E83C95 /* How Many Fingers.app */,
			);
			name = Products;
			sourceTree = "<group>";
		};
		C586C733206A1E0100E83C95 /* How Many Fingers */ = {
			isa = PBXGroup;
			children = (
				C586C734206A1E0100E83C95 /* AppDelegate.swift */,
				C586C736206A1E0100E83C95 /* ViewController.swift */,
				C586C738206A1E0100E83C95 /* Main.storyboard */,
				C586C73B206A1E0100E83C95 /* Assets.xcassets */,
				C586C73D206A1E0100E83C95 /* LaunchScreen.storyboard */,
				C586C740206A1E0100E83C95 /* Info.plist */,
			);
			path = "How Many Fingers";
			sourceTree = "<group>";
		};
/* End PBXGroup section */

/* Begin PBXNativeTarget section */
		C586C730206A1E0100E83C95 /* How Many Fingers */ = {
			isa = PBXNativeTarget;
			buildConfigurationList = C586C743206A1E0100E83C95 /* Build configuration list for PBXNativeTarget "How Many Fingers" */;
			buildPhases = (
				C586C72D206A1E0100E83C95 /* Sources */,
				C586C72E206A1E0100E83C95 /* Frameworks */,
				C586C72F206A1E0100E83C95 /* Resources */,
			);
			buildRules = (
			);
			dependencies = (
			);
			name = "How Many Fingers";
			productName = "How Many Fingers";
			productReference = C586C731206A1E0100E83C95 /* How Many Fingers.app */;
			productType = "com.apple.product-type.application";
		};
/* End PBXNativeTarget section */

/* Begin PBXProject section */
		C586C729206A1E0100E83C95 /* Project object */ = {
			isa = PBXProject;
			attributes = {
				LastSwiftUpdateCheck = 0920;
				LastUpgradeCheck = 0920;
				ORGANIZATIONNAME = "김종현";
				TargetAttributes = {
					C586C730206A1E0100E83C95 = {
						CreatedOnToolsVersion = 9.2;
						ProvisioningStyle = Automatic;
					};
				};
			};
			buildConfigurationList = C586C72C206A1E0100E83C95 /* Build configuration list for PBXProject "How Many Fingers" */;
			compatibilityVersion = "Xcode 8.0";
			developmentRegion = en;
			hasScannedForEncodings = 0;
			knownRegions = (
				en,
				Base,
			);
			mainGroup = C586C728206A1E0100E83C95;
			productRefGroup = C586C732206A1E0100E83C95 /* Products */;
			projectDirPath = "";
			projectRoot = "";
			targets = (
				C586C730206A1E0100E83C95 /* How Many Fingers */,
			);
		};
/* End PBXProject section */

/* Begin PBXResourcesBuildPhase section */
		C586C72F206A1E0100E83C95 /* Resources */ = {
			isa = PBXResourcesBuildPhase;
			buildActionMask = 2147483647;
			files = (
				C586C73F206A1E0100E83C95 /* LaunchScreen.storyboard in Resources */,
				C586C73C206A1E0100E83C95 /* Assets.xcassets in Resources */,
				C586C73A206A1E0100E83C95 /* Main.storyboard in Resources */,
			);
			runOnlyForDeploymentPostprocessing = 0;
		};
/* End PBXResourcesBuildPhase section */

/* Begin PBXSourcesBuildPhase section */
		C586C72D206A1E0100E83C95 /* Sources */ = {
			isa = PBXSourcesBuildPhase;
			buildActionMask = 2147483647;
			files = (
				C586C737206A1E0100E83C95 /* ViewController.swift in Sources */,
				C586C735206A1E0100E83C95 /* AppDelegate.swift in Sources */,
			);
			runOnlyForDeploymentPostprocessing = 0;
		};
/* End PBXSourcesBuildPhase section */

/* Begin PBXVariantGroup section */
		C586C738206A1E0100E83C95 /* Main.storyboard */ = {
			isa = PBXVariantGroup;
			children = (
				C586C739206A1E0100E83C95 /* Base */,
			);
			name = Main.storyboard;
			sourceTree = "<group>";
		};
		C586C73D206A1E0100E83C95 /* LaunchScreen.storyboard */ = {
			isa = PBXVariantGroup;
			children = (
				C586C73E206A1E0100E83C95 /* Base */,
			);
			name = LaunchScreen.storyboard;
			sourceTree = "<group>";
		};
/* End PBXVariantGroup section */

/* Begin XCBuildConfiguration section */
		C586C741206A1E0100E83C95 /* Debug */ = {
			isa = XCBuildConfiguration;
			buildSettings = {
				ALWAYS_SEARCH_USER_PATHS = NO;
				CLANG_ANALYZER_NONNULL = YES;
				CLANG_ANALYZER_NUMBER_OBJECT_CONVERSION = YES_AGGRESSIVE;
				CLANG_CXX_LANGUAGE_STANDARD = "gnu++14";
				CLANG_CXX_LIBRARY = "libc++";
				CLANG_ENABLE_MODULES = YES;
				CLANG_ENABLE_OBJC_ARC = YES;
				CLANG_WARN_BLOCK_CAPTURE_AUTORELEASING = YES;
				CLANG_WARN_BOOL_CONVERSION = YES;
				CLANG_WARN_COMMA = YES;
				CLANG_WARN_CONSTANT_CONVERSION = YES;
				CLANG_WARN_DIRECT_OBJC_ISA_USAGE = YES_ERROR;
				CLANG_WARN_DOCUMENTATION_COMMENTS = YES;
				CLANG_WARN_EMPTY_BODY = YES;
				CLANG_WARN_ENUM_CONVERSION = YES;
				CLANG_WARN_INFINITE_RECURSION = YES;
				CLANG_WARN_INT_CONVERSION = YES;
				CLANG_WARN_NON_LITERAL_NULL_CONVERSION = YES;
				CLANG_WARN_OBJC_LITERAL_CONVERSION = YES;
				CLANG_WARN_OBJC_ROOT_CLASS = YES_ERROR;
				CLANG_WARN_RANGE_LOOP_ANALYSIS = YES;
				CLANG_WARN_STRICT_PROTOTYPES = YES;
				CLANG_WARN_SUSPICIOUS_MOVE = YES;
				CLANG_WARN_UNGUARDED_AVAILABILITY = YES_AGGRESSIVE;
				CLANG_WARN_UNREACHABLE_CODE = YES;
				CLANG_WARN__DUPLICATE_METHOD_MATCH = YES;
				CODE_SIGN_IDENTITY = "iPhone Developer";
				COPY_PHASE_STRIP = NO;
				DEBUG_INFORMATION_FORMAT = dwarf;
				ENABLE_STRICT_OBJC_MSGSEND = YES;
				ENABLE_TESTABILITY = YES;
				GCC_C_LANGUAGE_STANDARD = gnu11;
				GCC_DYNAMIC_NO_PIC = NO;
				GCC_NO_COMMON_BLOCKS = YES;
				GCC_OPTIMIZATION_LEVEL = 0;
				GCC_PREPROCESSOR_DEFINITIONS = (
					"DEBUG=1",
					"$(inherited)",
				);
				GCC_WARN_64_TO_32_BIT_CONVERSION = YES;
				GCC_WARN_ABOUT_RETURN_TYPE = YES_ERROR;
				GCC_WARN_UNDECLARED_SELECTOR = YES;
				GCC_WARN_UNINITIALIZED_AUTOS = YES_AGGRESSIVE;
				GCC_WARN_UNUSED_FUNCTION = YES;
				GCC_WARN_UNUSED_VARIABLE = YES;
				IPHONEOS_DEPLOYMENT_TARGET = 11.2;
				MTL_ENABLE_DEBUG_INFO = YES;
				ONLY_ACTIVE_ARCH = YES;
				SDKROOT = iphoneos;
				SWIFT_ACTIVE_COMPILATION_CONDITIONS = DEBUG;
				SWIFT_OPTIMIZATION_LEVEL = "-Onone";
			};
			name = Debug;
		};
		C586C742206A1E0100E83C95 /* Release */ = {
			isa = XCBuildConfiguration;
			buildSettings = {
				ALWAYS_SEARCH_USER_PATHS = NO;
				CLANG_ANALYZER_NONNULL = YES;
				CLANG_ANALYZER_NUMBER_OBJECT_CONVERSION = YES_AGGRESSIVE;
				CLANG_CXX_LANGUAGE_STANDARD = "gnu++14";
				CLANG_CXX_LIBRARY = "libc++";
				CLANG_ENABLE_MODULES = YES;
				CLANG_ENABLE_OBJC_ARC = YES;
				CLANG_WARN_BLOCK_CAPTURE_AUTORELEASING = YES;
				CLANG_WARN_BOOL_CONVERSION = YES;
				CLANG_WARN_COMMA = YES;
				CLANG_WARN_CONSTANT_CONVERSION = YES;
				CLANG_WARN_DIRECT_OBJC_ISA_USAGE = YES_ERROR;
				CLANG_WARN_DOCUMENTATION_COMMENTS = YES;
				CLANG_WARN_EMPTY_BODY = YES;
				CLANG_WARN_ENUM_CONVERSION = YES;
				CLANG_WARN_INFINITE_RECURSION = YES;
				CLANG_WARN_INT_CONVERSION = YES;
				CLANG_WARN_NON_LITERAL_NULL_CONVERSION = YES;
				CLANG_WARN_OBJC_LITERAL_CONVERSION = YES;
				CLANG_WARN_OBJC_ROOT_CLASS = YES_ERROR;
				CLANG_WARN_RANGE_LOOP_ANALYSIS = YES;
				CLANG_WARN_STRICT_PROTOTYPES = YES;
				CLANG_WARN_SUSPICIOUS_MOVE = YES;
				CLANG_WARN_UNGUARDED_AVAILABILITY = YES_AGGRESSIVE;
				CLANG_WARN_UNREACHABLE_CODE = YES;
				CLANG_WARN__DUPLICATE_METHOD_MATCH = YES;
				CODE_SIGN_IDENTITY = "iPhone Developer";
				COPY_PHASE_STRIP = NO;
				DEBUG_INFORMATION_FORMAT = "dwarf-with-dsym";
				ENABLE_NS_ASSERTIONS = NO;
				ENABLE_STRICT_OBJC_MSGSEND = YES;
				GCC_C_LANGUAGE_STANDARD = gnu11;
				GCC_NO_COMMON_BLOCKS = YES;
				GCC_WARN_64_TO_32_BIT_CONVERSION = YES;
				GCC_WARN_ABOUT_RETURN_TYPE = YES_ERROR;
				GCC_WARN_UNDECLARED_SELECTOR = YES;
				GCC_WARN_UNINITIALIZED_AUTOS = YES_AGGRESSIVE;
				GCC_WARN_UNUSED_FUNCTION = YES;
				GCC_WARN_UNUSED_VARIABLE = YES;
				IPHONEOS_DEPLOYMENT_TARGET = 11.2;
				MTL_ENABLE_DEBUG_INFO = NO;
				SDKROOT = iphoneos;
				SWIFT_OPTIMIZATION_LEVEL = "-Owholemodule";
				VALIDATE_PRODUCT = YES;
			};
			name = Release;
		};
		C586C744206A1E0100E83C95 /* Debug */ = {
			isa = XCBuildConfiguration;
			buildSettings = {
				ASSETCATALOG_COMPILER_APPICON_NAME = AppIcon;
				CODE_SIGN_STYLE = Automatic;
				INFOPLIST_FILE = "How Many Fingers/Info.plist";
				LD_RUNPATH_SEARCH_PATHS = "$(inherited) @executable_path/Frameworks";
				PRODUCT_BUNDLE_IDENTIFIER = "ViaArcher.min.How-Many-Fingers";
				PRODUCT_NAME = "$(TARGET_NAME)";
				SWIFT_VERSION = 4.0;
				TARGETED_DEVICE_FAMILY = "1,2";
			};
			name = Debug;
		};
		C586C745206A1E0100E83C95 /* Release */ = {
			isa = XCBuildConfiguration;
			buildSettings = {
				ASSETCATALOG_COMPILER_APPICON_NAME = AppIcon;
				CODE_SIGN_STYLE = Automatic;
				INFOPLIST_FILE = "How Many Fingers/Info.plist";
				LD_RUNPATH_SEARCH_PATHS = "$(inherited) @executable_path/Frameworks";
				PRODUCT_BUNDLE_IDENTIFIER = "ViaArcher.min.How-Many-Fingers";
				PRODUCT_NAME = "$(TARGET_NAME)";
				SWIFT_VERSION = 4.0;
				TARGETED_DEVICE_FAMILY = "1,2";
			};
			name = Release;
		};
/* End XCBuildConfiguration section */

/* Begin XCConfigurationList section */
		C586C72C206A1E0100E83C95 /* Build configuration list for PBXProject "How Many Fingers" */ = {
			isa = XCConfigurationList;
			buildConfigurations = (
				C586C741206A1E0100E83C95 /* Debug */,
				C586C742206A1E0100E83C95 /* Release */,
			);
			defaultConfigurationIsVisible = 0;
			defaultConfigurationName = Release;
		};
		C586C743206A1E0100E83C95 /* Build configuration list for PBXNativeTarget "How Many Fingers" */ = {
			isa = XCConfigurationList;
			buildConfigurations = (
				C586C744206A1E0100E83C95 /* Debug */,
				C586C745206A1E0100E83C95 /* Release */,
			);
			defaultConfigurationIsVisible = 0;
			defaultConfigurationName = Release;
		};
/* End XCConfigurationList section */
	};
	rootObject = C586C729206A1E0100E83C95 /* Project object */;
}
